{
    "_readme": [
        "This file locks the dependencies of your project to a known state",
        "Read more about it at https://getcomposer.org/doc/01-basic-usage.md#installing-dependencies",
        "This file is @generated automatically"
    ],
    "content-hash": "99e41a85b4c757de51d027c551354f1c",
    "packages": [
        {
            "name": "polyspec/hyper-server",
            "version": "0.0.10",
            "dist": {
                "type": "zip",
                "url": "artifacts/polyspec-hyper-server-php-0.0.10.zip",
                "shasum": ""
            },
            "require": {
                "php": "^8.2",
                "polyspec/template": "0.0.5"
            },
            "require-dev": {
                "laravel/pint": "^1.0",
                "phpstan/phpstan": "^2.2.16",
                "phpunit/phpunit": "^11.5"
            },
            "type": "library",
            "autoload": {
                "psr-4": {
                    "Polyspec\\Hyper\\": "src/"
                }
            },
            "autoload-dev": {
                "psr-4": {
                    "Polyspec\\Hyper\\Tests\\": "tests/"
                }
            },
            "scripts": {
                "test": [
                    "phpunit"
                ],
                "lint": [
                    "pint --test"
                ]
            },
            "license": [
                "MIT"
            ],
            "description": "Server side of the region protocol: routes, actions and region JSON for template language layouts"
        },
        {
            "name": "polyspec/template",
            "version": "0.0.5",
            "dist": {
                "type": "zip",
                "url": "https://github.com/polyspec/template/releases/download/v0.0.5/polyspec-template-php-0.0.5.zip",
                "shasum": "0e0f1b690ab394175a7999ef071c2c0780dcfa93"
            },
            "require": {
                "ext-mbstring": "*",
                "php": "^8.2"
            },
            "bin": [
                "bin/template.php"
            ],
            "type": "library",
            "autoload": {
                "psr-4": {
                    "Polyspec\\Template\\": "src/"
                }
            },
            "license": [
                "MIT"
            ],
            "description": "Template language implementation: lexer, parser, renderer, functions and CLI"
        }
    ],
    "packages-dev": [],
    "aliases": [],
    "minimum-stability": "stable",
    "stability-flags": {},
    "prefer-stable": false,
    "prefer-lowest": false,
    "platform": {},
    "platform-dev": {},
    "plugin-api-version": "2.9.0"
}
