{
    "_readme": [
        "This file locks the dependencies of your project to a known state",
        "Read more about it at https://getcomposer.org/doc/01-basic-usage.md#installing-dependencies",
        "This file is @generated automatically"
    ],
    "content-hash": "88b877fe3f565215e63a2c257446b784",
    "packages": [
        {
            "name": "polyspec/hyper",
            "version": "0.0.4",
            "dist": {
                "type": "zip",
                "url": "assets/polyspec-hyper-0.0.4.zip"
            },
            "require": {
                "php": "^8.2",
                "polyspec/template": "0.0.4"
            },
            "require-dev": {
                "laravel/pint": "^1.0",
                "phpstan/phpstan": "^2.2.16",
                "phpunit/phpunit": "^11.5"
            },
            "type": "library",
            "autoload": {
                "psr-4": {
                    "Polyspec\\Hyper\\": "src/"
                }
            },
            "autoload-dev": {
                "psr-4": {
                    "Polyspec\\Hyper\\Tests\\": "tests/"
                }
            },
            "scripts": {
                "test": [
                    "phpunit"
                ],
                "lint": [
                    "pint --test"
                ]
            },
            "license": [
                "MIT"
            ],
            "description": "Server side of the region protocol: routes, actions and region JSON for template language layouts"
        },
        {
            "name": "polyspec/template",
            "version": "0.0.4",
            "dist": {
                "type": "zip",
                "url": "https://github.com/polyspec/template/releases/download/v0.0.4/polyspec-template-0.0.4.zip",
                "shasum": "99874991fa028f34d5905ae0ecc66f104f166a48"
            },
            "require": {
                "ext-mbstring": "*",
                "php": "^8.2"
            },
            "bin": [
                "bin/template.php"
            ],
            "type": "library",
            "autoload": {
                "psr-4": {
                    "Polyspec\\Template\\": "src/"
                }
            },
            "license": [
                "MIT"
            ],
            "description": "Template language implementation: lexer, parser, renderer, functions and CLI"
        }
    ],
    "packages-dev": [],
    "aliases": [],
    "minimum-stability": "stable",
    "stability-flags": {},
    "prefer-stable": false,
    "prefer-lowest": false,
    "platform": {},
    "platform-dev": {},
    "plugin-api-version": "2.9.0"
}
