{
    "_readme": [
        "This file locks the dependencies of your project to a known state",
        "Read more about it at https://getcomposer.org/doc/01-basic-usage.md#installing-dependencies",
        "This file is @generated automatically"
    ],
    "content-hash": "2123b73cacf6164f9653ee3c183eecfb",
    "packages": [
        {
            "name": "polyspec/hyper-server",
            "version": "0.0.11",
            "dist": {
                "type": "path",
                "url": "../../var/products/hyper-server-php",
                "reference": "9ce99731ee05233d89df7ddb32319972614887db"
            },
            "require": {
                "php": "^8.2",
                "polyspec/template": "0.0.5"
            },
            "require-dev": {
                "laravel/pint": "^1.0",
                "phpstan/phpstan": "^2.2.16",
                "phpunit/phpunit": "^11.5"
            },
            "type": "library",
            "autoload": {
                "psr-4": {
                    "Polyspec\\Hyper\\": "src/"
                }
            },
            "autoload-dev": {
                "psr-4": {
                    "Polyspec\\Hyper\\Tests\\": "tests/"
                }
            },
            "scripts": {
                "test": [
                    "phpunit"
                ],
                "lint": [
                    "pint --test"
                ]
            },
            "license": [
                "MIT"
            ],
            "description": "Server side of the region protocol: routes, actions and region JSON for template language layouts",
            "transport-options": {
                "symlink": false,
                "relative": true
            }
        },
        {
            "name": "polyspec/template",
            "version": "0.0.5",
            "dist": {
                "type": "zip",
                "url": "https://github.com/polyspec/template/releases/download/v0.0.5/polyspec-template-php-0.0.5.zip",
                "shasum": "0e0f1b690ab394175a7999ef071c2c0780dcfa93"
            },
            "require": {
                "ext-mbstring": "*",
                "php": "^8.2"
            },
            "bin": [
                "bin/template.php"
            ],
            "type": "library",
            "autoload": {
                "psr-4": {
                    "Polyspec\\Template\\": "src/"
                }
            },
            "license": [
                "MIT"
            ],
            "description": "Template language implementation: lexer, parser, renderer, functions and CLI"
        }
    ],
    "packages-dev": [
        {
            "name": "laravel/pint",
            "version": "v1.30.4",
            "source": {
                "type": "git",
                "url": "https://github.com/laravel/pint.git",
                "reference": "a96cb6eee2961905d2fce7207aefb80945bf6b28"
            },
            "dist": {
                "type": "zip",
                "url": "https://api.github.com/repos/laravel/pint/zipball/a96cb6eee2961905d2fce7207aefb80945bf6b28",
                "reference": "a96cb6eee2961905d2fce7207aefb80945bf6b28",
                "shasum": ""
            },
            "require": {
                "ext-json": "*",
                "ext-mbstring": "*",
                "ext-tokenizer": "*",
                "ext-xml": "*",
                "php": "^8.2.0"
            },
            "require-dev": {
                "composer/semver": "^3.4.4",
                "friendsofphp/php-cs-fixer": "^3.95.18",
                "illuminate/view": "^12.65.0",
                "larastan/larastan": "^3.10.0",
                "laravel-zero/framework": "^12.1.0",
                "laravel/agent-detector": "^2.0.2",
                "laravel/prompts": "^0.3.22",
                "mockery/mockery": "^1.6.12",
                "nunomaduro/termwind": "^2.4.0",
                "pestphp/pest": "^3.8.7"
            },
            "bin": [
                "builds/pint"
            ],
            "type": "project",
            "autoload": {
                "psr-4": {
                    "App\\": "app/",
                    "Database\\Seeders\\": "database/seeders/",
                    "Database\\Factories\\": "database/factories/"
                }
            },
            "notification-url": "https://packagist.org/downloads/",
            "license": [
                "MIT"
            ],
            "authors": [
                {
                    "name": "Nuno Maduro",
                    "email": "enunomaduro@gmail.com"
                }
            ],
            "description": "An opinionated code formatter for PHP.",
            "homepage": "https://laravel.com",
            "keywords": [
                "dev",
                "format",
                "formatter",
                "lint",
                "linter",
                "php"
            ],
            "support": {
                "issues": "https://github.com/laravel/pint/issues",
                "source": "https://github.com/laravel/pint"
            },
            "time": "2026-08-05T16:47:22+00:00"
        }
    ],
    "aliases": [],
    "minimum-stability": "stable",
    "stability-flags": {},
    "prefer-stable": false,
    "prefer-lowest": false,
    "platform": {
        "php": "^8.2",
        "ext-pdo_sqlite": "*"
    },
    "platform-dev": {},
    "platform-overrides": {
        "php": "8.2.0"
    },
    "plugin-api-version": "2.9.0"
}
