{
  "name": "@polyspec/hyper-package-install",
  "version": "0.0.5",
  "lockfileVersion": 3,
  "requires": true,
  "packages": {
    "": {
      "name": "@polyspec/hyper-package-install",
      "version": "0.0.5",
      "dependencies": {
        "@polyspec/hyper": "file:../../packages/hyper-js",
        "@polyspec/hyper-server": "file:../../packages/hyper-node",
        "@polyspec/template": "https://github.com/polyspec/template/releases/download/v0.0.5/polyspec-template-npm-0.0.5.tgz"
      },
      "engines": {
        "node": ">=26"
      }
    },
    "node_modules/@polyspec/hyper": {
      "version": "0.0.5",
      "resolved": "file:../../packages/hyper-js",
      "license": "MIT",
      "dependencies": {
        "@polyspec/template": "0.0.5",
        "htmx.org": "4.0.0"
      }
    },
    "node_modules/@polyspec/hyper-server": {
      "version": "0.0.5",
      "resolved": "file:../../packages/hyper-node",
      "license": "MIT",
      "dependencies": {
        "@polyspec/hyper": "0.0.5",
        "@polyspec/template": "0.0.5"
      },
      "engines": {
        "node": ">=26"
      }
    },
    "node_modules/@polyspec/template": {
      "version": "0.0.5",
      "resolved": "https://github.com/polyspec/template/releases/download/v0.0.5/polyspec-template-npm-0.0.5.tgz",
      "integrity": "sha512-+APU65U7V2Fu2mGBnenCOPD9QmZLbZHBFf8j9kg1B1OFgopktic4uwm/4w5TpCDE0l4pgxQlJmpeecv8LklQew==",
      "license": "MIT",
      "bin": {
        "template": "bin/template.mjs"
      },
      "engines": {
        "node": ">=26"
      }
    },
    "node_modules/htmx.org": {
      "version": "4.0.0",
      "resolved": "https://registry.npmjs.org/htmx.org/-/htmx.org-4.0.0.tgz",
      "integrity": "sha512-T/171FUY93Kdfp8t+DnHdk45QvKRiBhVhhrwSzrXgUi4pHKvhp77dUA/qg8FAjsFWPIHNbmUuIdCrcVHuiZWng==",
      "license": "BSD-0-Clause",
      "workspaces": [
        "ext/*"
      ],
      "bin": {
        "upgrade-check": "dist/scripts/upgrade-check.js"
      }
    }
  }
}
